// !$*UTF8*$!
{
	archiveVersion = 1;
	classes = {
	};
	objectVersion = 46;
	objects = {

/* Begin PBXBuildFile section */
		9AE710B31B71B51600199A86 /* main.m in Sources */ = {isa = PBXBuildFile; fileRef = 9AE710B21B71B51600199A86 /* main.m */; };
		9AE710B61B71B51600199A86 /* AppDelegate.m in Sources */ = {isa = PBXBuildFile; fileRef = 9AE710B51B71B51600199A86 /* AppDelegate.m */; };
		9AE710B91B71B51600199A86 /* ViewController.m in Sources */ = {isa = PBXBuildFile; fileRef = 9AE710B81B71B51600199A86 /* ViewController.m */; };
		9AE710BC1B71B51600199A86 /* Main.storyboard in Resources */ = {isa = PBXBuildFile; fileRef = 9AE710BA1B71B51600199A86 /* Main.storyboard */; };
		9AE710BE1B71B51600199A86 /* Images.xcassets in Resources */ = {isa = PBXBuildFile; fileRef = 9AE710BD1B71B51600199A86 /* Images.xcassets */; };
		9AE710C11B71B51600199A86 /* LaunchScreen.xib in Resources */ = {isa = PBXBuildFile; fileRef = 9AE710BF1B71B51600199A86 /* LaunchScreen.xib */; };
		9AE710CD1B71B51600199A86 /* HoolayBlockTests.m in Sources */ = {isa = PBXBuildFile; fileRef = 9AE710CC1B71B51600199A86 /* HoolayBlockTests.m */; };
/* End PBXBuildFile section */

/* Begin PBXContainerItemProxy section */
		9AE710C71B71B51600199A86 /* PBXContainerItemProxy */ = {
			isa = PBXContainerItemProxy;
			containerPortal = 9AE710A51B71B51600199A86 /* Project object */;
			proxyType = 1;
			remoteGlobalIDString = 9AE710AC1B71B51600199A86;
			remoteInfo = HoolayBlock;
		};
/* End PBXContainerItemProxy section */

/* Begin PBXFileReference section */
		9AE710AD1B71B51600199A86 /* HoolayBlock.app */ = {isa = PBXFileReference; explicitFileType = wrapper.application; includeInIndex = 0; path = HoolayBlock.app; sourceTree = BUILT_PRODUCTS_DIR; };
		9AE710B11B71B51600199A86 /* Info.plist */ = {isa = PBXFileReference; lastKnownFileType = text.plist.xml; path = Info.plist; sourceTree = "<group>"; };
		9AE710B21B71B51600199A86 /* main.m */ = {isa = PBXFileReference; lastKnownFileType = sourcecode.c.objc; path = main.m; sourceTree = "<group>"; };
		9AE710B41B71B51600199A86 /* AppDelegate.h */ = {isa = PBXFileReference; lastKnownFileType = sourcecode.c.h; path = AppDelegate.h; sourceTree = "<group>"; };
		9AE710B51B71B51600199A86 /* AppDelegate.m */ = {isa = PBXFileReference; lastKnownFileType = sourcecode.c.objc; path = AppDelegate.m; sourceTree = "<group>"; };
		9AE710B71B71B51600199A86 /* ViewController.h */ = {isa = PBXFileReference; lastKnownFileType = sourcecode.c.h; path = ViewController.h; sourceTree = "<group>"; };
		9AE710B81B71B51600199A86 /* ViewController.m */ = {isa = PBXFileReference; lastKnownFileType = sourcecode.c.objc; path = ViewController.m; sourceTree = "<group>"; };
		9AE710BB1B71B51600199A86 /* Base */ = {isa = PBXFileReference; lastKnownFileType = file.storyboard; name = Base; path = Base.lproj/Main.storyboard; sourceTree = "<group>"; };
		9AE710BD1B71B51600199A86 /* Images.xcassets */ = {isa = PBXFileReference; lastKnownFileType = folder.assetcatalog; path = Images.xcassets; sourceTree = "<group>"; };
		9AE710C01B71B51600199A86 /* Base */ = {isa = PBXFileReference; lastKnownFileType = file.xib; name = Base; path = Base.lproj/LaunchScreen.xib; sourceTree = "<group>"; };
		9AE710C61B71B51600199A86 /* HoolayBlockTests.xctest */ = {isa = PBXFileReference; explicitFileType = wrapper.cfbundle; includeInIndex = 0; path = HoolayBlockTests.xctest; sourceTree = BUILT_PRODUCTS_DIR; };
		9AE710CB1B71B51600199A86 /* Info.plist */ = {isa = PBXFileReference; lastKnownFileType = text.plist.xml; path = Info.plist; sourceTree = "<group>"; };
		9AE710CC1B71B51600199A86 /* HoolayBlockTests.m */ = {isa = PBXFileReference; lastKnownFileType = sourcecode.c.objc; path = HoolayBlockTests.m; sourceTree = "<group>"; };
/* End PBXFileReference section */

/* Begin PBXFrameworksBuildPhase section */
		9AE710AA1B71B51600199A86 /* Frameworks */ = {
			isa = PBXFrameworksBuildPhase;
			buildActionMask = 2147483647;
			files = (
			);
			runOnlyForDeploymentPostprocessing = 0;
		};
		9AE710C31B71B51600199A86 /* Frameworks */ = {
			isa = PBXFrameworksBuildPhase;
			buildActionMask = 2147483647;
			files = (
			);
			runOnlyForDeploymentPostprocessing = 0;
		};
/* End PBXFrameworksBuildPhase section */

/* Begin PBXGroup section */
		9AE710A41B71B51600199A86 = {
			isa = PBXGroup;
			children = (
				9AE710AF1B71B51600199A86 /* HoolayBlock */,
				9AE710C91B71B51600199A86 /* HoolayBlockTests */,
				9AE710AE1B71B51600199A86 /* Products */,
			);
			sourceTree = "<group>";
		};
		9AE710AE1B71B51600199A86 /* Products */ = {
			isa = PBXGroup;
			children = (
				9AE710AD1B71B51600199A86 /* HoolayBlock.app */,
				9AE710C61B71B51600199A86 /* HoolayBlockTests.xctest */,
			);
			name = Products;
			sourceTree = "<group>";
		};
		9AE710AF1B71B51600199A86 /* HoolayBlock */ = {
			isa = PBXGroup;
			children = (
				9AE710B41B71B51600199A86 /* AppDelegate.h */,
				9AE710B51B71B51600199A86 /* AppDelegate.m */,
				9AE710B71B71B51600199A86 /* ViewController.h */,
				9AE710B81B71B51600199A86 /* ViewController.m */,
				9AE710BA1B71B51600199A86 /* Main.storyboard */,
				9AE710BD1B71B51600199A86 /* Images.xcassets */,
				9AE710BF1B71B51600199A86 /* LaunchScreen.xib */,
				9AE710B01B71B51600199A86 /* Supporting Files */,
			);
			path = HoolayBlock;
			sourceTree = "<group>";
		};
		9AE710B01B71B51600199A86 /* Supporting Files */ = {
			isa = PBXGroup;
			children = (
				9AE710B11B71B51600199A86 /* Info.plist */,
				9AE710B21B71B51600199A86 /* main.m */,
			);
			name = "Supporting Files";
			sourceTree = "<group>";
		};
		9AE710C91B71B51600199A86 /* HoolayBlockTests */ = {
			isa = PBXGroup;
			children = (
				9AE710CC1B71B51600199A86 /* HoolayBlockTests.m */,
				9AE710CA1B71B51600199A86 /* Supporting Files */,
			);
			path = HoolayBlockTests;
			sourceTree = "<group>";
		};
		9AE710CA1B71B51600199A86 /* Supporting Files */ = {
			isa = PBXGroup;
			children = (
				9AE710CB1B71B51600199A86 /* Info.plist */,
			);
			name = "Supporting Files";
			sourceTree = "<group>";
		};
/* End PBXGroup section */

/* Begin PBXNativeTarget section */
		9AE710AC1B71B51600199A86 /* HoolayBlock */ = {
			isa = PBXNativeTarget;
			buildConfigurationList = 9AE710D01B71B51600199A86 /* Build configuration list for PBXNativeTarget "HoolayBlock" */;
			buildPhases = (
				9AE710A91B71B51600199A86 /* Sources */,
				9AE710AA1B71B51600199A86 /* Frameworks */,
				9AE710AB1B71B51600199A86 /* Resources */,
			);
			buildRules = (
			);
			dependencies = (
			);
			name = HoolayBlock;
			productName = HoolayBlock;
			productReference = 9AE710AD1B71B51600199A86 /* HoolayBlock.app */;
			productType = "com.apple.product-type.application";
		};
		9AE710C51B71B51600199A86 /* HoolayBlockTests */ = {
			isa = PBXNativeTarget;
			buildConfigurationList = 9AE710D31B71B51600199A86 /* Build configuration list for PBXNativeTarget "HoolayBlockTests" */;
			buildPhases = (
				9AE710C21B71B51600199A86 /* Sources */,
				9AE710C31B71B51600199A86 /* Frameworks */,
				9AE710C41B71B51600199A86 /* Resources */,
			);
			buildRules = (
			);
			dependencies = (
				9AE710C81B71B51600199A86 /* PBXTargetDependency */,
			);
			name = HoolayBlockTests;
			productName = HoolayBlockTests;
			productReference = 9AE710C61B71B51600199A86 /* HoolayBlockTests.xctest */;
			productType = "com.apple.product-type.bundle.unit-test";
		};
/* End PBXNativeTarget section */

/* Begin PBXProject section */
		9AE710A51B71B51600199A86 /* Project object */ = {
			isa = PBXProject;
			attributes = {
				LastUpgradeCheck = 0640;
				ORGANIZATIONNAME = patient;
				TargetAttributes = {
					9AE710AC1B71B51600199A86 = {
						CreatedOnToolsVersion = 6.4;
					};
					9AE710C51B71B51600199A86 = {
						CreatedOnToolsVersion = 6.4;
						TestTargetID = 9AE710AC1B71B51600199A86;
					};
				};
			};
			buildConfigurationList = 9AE710A81B71B51600199A86 /* Build configuration list for PBXProject "HoolayBlock" */;
			compatibilityVersion = "Xcode 3.2";
			developmentRegion = English;
			hasScannedForEncodings = 0;
			knownRegions = (
				en,
				Base,
			);
			mainGroup = 9AE710A41B71B51600199A86;
			productRefGroup = 9AE710AE1B71B51600199A86 /* Products */;
			projectDirPath = "";
			projectRoot = "";
			targets = (
				9AE710AC1B71B51600199A86 /* HoolayBlock */,
				9AE710C51B71B51600199A86 /* HoolayBlockTests */,
			);
		};
/* End PBXProject section */

/* Begin PBXResourcesBuildPhase section */
		9AE710AB1B71B51600199A86 /* Resources */ = {
			isa = PBXResourcesBuildPhase;
			buildActionMask = 2147483647;
			files = (
				9AE710BC1B71B51600199A86 /* Main.storyboard in Resources */,
				9AE710C11B71B51600199A86 /* LaunchScreen.xib in Resources */,
				9AE710BE1B71B51600199A86 /* Images.xcassets in Resources */,
			);
			runOnlyForDeploymentPostprocessing = 0;
		};
		9AE710C41B71B51600199A86 /* Resources */ = {
			isa = PBXResourcesBuildPhase;
			buildActionMask = 2147483647;
			files = (
			);
			runOnlyForDeploymentPostprocessing = 0;
		};
/* End PBXResourcesBuildPhase section */

/* Begin PBXSourcesBuildPhase section */
		9AE710A91B71B51600199A86 /* Sources */ = {
			isa = PBXSourcesBuildPhase;
			buildActionMask = 2147483647;
			files = (
				9AE710B91B71B51600199A86 /* ViewController.m in Sources */,
				9AE710B61B71B51600199A86 /* AppDelegate.m in Sources */,
				9AE710B31B71B51600199A86 /* main.m in Sources */,
			);
			runOnlyForDeploymentPostprocessing = 0;
		};
		9AE710C21B71B51600199A86 /* Sources */ = {
			isa = PBXSourcesBuildPhase;
			buildActionMask = 2147483647;
			files = (
				9AE710CD1B71B51600199A86 /* HoolayBlockTests.m in Sources */,
			);
			runOnlyForDeploymentPostprocessing = 0;
		};
/* End PBXSourcesBuildPhase section */

/* Begin PBXTargetDependency section */
		9AE710C81B71B51600199A86 /* PBXTargetDependency */ = {
			isa = PBXTargetDependency;
			target = 9AE710AC1B71B51600199A86 /* HoolayBlock */;
			targetProxy = 9AE710C71B71B51600199A86 /* PBXContainerItemProxy */;
		};
/* End PBXTargetDependency section */

/* Begin PBXVariantGroup section */
		9AE710BA1B71B51600199A86 /* Main.storyboard */ = {
			isa = PBXVariantGroup;
			children = (
				9AE710BB1B71B51600199A86 /* Base */,
			);
			name = Main.storyboard;
			sourceTree = "<group>";
		};
		9AE710BF1B71B51600199A86 /* LaunchScreen.xib */ = {
			isa = PBXVariantGroup;
			children = (
				9AE710C01B71B51600199A86 /* Base */,
			);
			name = LaunchScreen.xib;
			sourceTree = "<group>";
		};
/* End PBXVariantGroup section */

/* Begin XCBuildConfiguration section */
		9AE710CE1B71B51600199A86 /* Debug */ = {
			isa = XCBuildConfiguration;
			buildSettings = {
				ALWAYS_SEARCH_USER_PATHS = NO;
				CLANG_CXX_LANGUAGE_STANDARD = "gnu++0x";
				CLANG_CXX_LIBRARY = "libc++";
				CLANG_ENABLE_MODULES = YES;
				CLANG_ENABLE_OBJC_ARC = YES;
				CLANG_WARN_BOOL_CONVERSION = YES;
				CLANG_WARN_CONSTANT_CONVERSION = YES;
				CLANG_WARN_DIRECT_OBJC_ISA_USAGE = YES_ERROR;
				CLANG_WARN_EMPTY_BODY = YES;
				CLANG_WARN_ENUM_CONVERSION = YES;
				CLANG_WARN_INT_CONVERSION = YES;
				CLANG_WARN_OBJC_ROOT_CLASS = YES_ERROR;
				CLANG_WARN_UNREACHABLE_CODE = YES;
				CLANG_WARN__DUPLICATE_METHOD_MATCH = YES;
				"CODE_SIGN_IDENTITY[sdk=iphoneos*]" = "iPhone Developer";
				COPY_PHASE_STRIP = NO;
				DEBUG_INFORMATION_FORMAT = "dwarf-with-dsym";
				ENABLE_STRICT_OBJC_MSGSEND = YES;
				GCC_C_LANGUAGE_STANDARD = gnu99;
				GCC_DYNAMIC_NO_PIC = NO;
				GCC_NO_COMMON_BLOCKS = YES;
				GCC_OPTIMIZATION_LEVEL = 0;
				GCC_PREPROCESSOR_DEFINITIONS = (
					"DEBUG=1",
					"$(inherited)",
				);
				GCC_SYMBOLS_PRIVATE_EXTERN = NO;
				GCC_WARN_64_TO_32_BIT_CONVERSION = YES;
				GCC_WARN_ABOUT_RETURN_TYPE = YES_ERROR;
				GCC_WARN_UNDECLARED_SELECTOR = YES;
				GCC_WARN_UNINITIALIZED_AUTOS = YES_AGGRESSIVE;
				GCC_WARN_UNUSED_FUNCTION = YES;
				GCC_WARN_UNUSED_VARIABLE = YES;
				IPHONEOS_DEPLOYMENT_TARGET = 8.4;
				MTL_ENABLE_DEBUG_INFO = YES;
				ONLY_ACTIVE_ARCH = YES;
				SDKROOT = iphoneos;
				TARGETED_DEVICE_FAMILY = "1,2";
			};
			name = Debug;
		};
		9AE710CF1B71B51600199A86 /* Release */ = {
			isa = XCBuildConfiguration;
			buildSettings = {
				ALWAYS_SEARCH_USER_PATHS = NO;
				CLANG_CXX_LANGUAGE_STANDARD = "gnu++0x";
				CLANG_CXX_LIBRARY = "libc++";
				CLANG_ENABLE_MODULES = YES;
				CLANG_ENABLE_OBJC_ARC = YES;
				CLANG_WARN_BOOL_CONVERSION = YES;
				CLANG_WARN_CONSTANT_CONVERSION = YES;
				CLANG_WARN_DIRECT_OBJC_ISA_USAGE = YES_ERROR;
				CLANG_WARN_EMPTY_BODY = YES;
				CLANG_WARN_ENUM_CONVERSION = YES;
				CLANG_WARN_INT_CONVERSION = YES;
				CLANG_WARN_OBJC_ROOT_CLASS = YES_ERROR;
				CLANG_WARN_UNREACHABLE_CODE = YES;
				CLANG_WARN__DUPLICATE_METHOD_MATCH = YES;
				"CODE_SIGN_IDENTITY[sdk=iphoneos*]" = "iPhone Developer";
				COPY_PHASE_STRIP = NO;
				DEBUG_INFORMATION_FORMAT = "dwarf-with-dsym";
				ENABLE_NS_ASSERTIONS = NO;
				ENABLE_STRICT_OBJC_MSGSEND = YES;
				GCC_C_LANGUAGE_STANDARD = gnu99;
				GCC_NO_COMMON_BLOCKS = YES;
				GCC_WARN_64_TO_32_BIT_CONVERSION = YES;
				GCC_WARN_ABOUT_RETURN_TYPE = YES_ERROR;
				GCC_WARN_UNDECLARED_SELECTOR = YES;
				GCC_WARN_UNINITIALIZED_AUTOS = YES_AGGRESSIVE;
				GCC_WARN_UNUSED_FUNCTION = YES;
				GCC_WARN_UNUSED_VARIABLE = YES;
				IPHONEOS_DEPLOYMENT_TARGET = 8.4;
				MTL_ENABLE_DEBUG_INFO = NO;
				SDKROOT = iphoneos;
				TARGETED_DEVICE_FAMILY = "1,2";
				VALIDATE_PRODUCT = YES;
			};
			name = Release;
		};
		9AE710D11B71B51600199A86 /* Debug */ = {
			isa = XCBuildConfiguration;
			buildSettings = {
				ASSETCATALOG_COMPILER_APPICON_NAME = AppIcon;
				INFOPLIST_FILE = HoolayBlock/Info.plist;
				LD_RUNPATH_SEARCH_PATHS = "$(inherited) @executable_path/Frameworks";
				PRODUCT_NAME = "$(TARGET_NAME)";
			};
			name = Debug;
		};
		9AE710D21B71B51600199A86 /* Release */ = {
			isa = XCBuildConfiguration;
			buildSettings = {
				ASSETCATALOG_COMPILER_APPICON_NAME = AppIcon;
				INFOPLIST_FILE = HoolayBlock/Info.plist;
				LD_RUNPATH_SEARCH_PATHS = "$(inherited) @executable_path/Frameworks";
				PRODUCT_NAME = "$(TARGET_NAME)";
			};
			name = Release;
		};
		9AE710D41B71B51600199A86 /* Debug */ = {
			isa = XCBuildConfiguration;
			buildSettings = {
				BUNDLE_LOADER = "$(TEST_HOST)";
				FRAMEWORK_SEARCH_PATHS = (
					"$(SDKROOT)/Developer/Library/Frameworks",
					"$(inherited)",
				);
				GCC_PREPROCESSOR_DEFINITIONS = (
					"DEBUG=1",
					"$(inherited)",
				);
				INFOPLIST_FILE = HoolayBlockTests/Info.plist;
				LD_RUNPATH_SEARCH_PATHS = "$(inherited) @executable_path/Frameworks @loader_path/Frameworks";
				PRODUCT_NAME = "$(TARGET_NAME)";
				TEST_HOST = "$(BUILT_PRODUCTS_DIR)/HoolayBlock.app/HoolayBlock";
			};
			name = Debug;
		};
		9AE710D51B71B51600199A86 /* Release */ = {
			isa = XCBuildConfiguration;
			buildSettings = {
				BUNDLE_LOADER = "$(TEST_HOST)";
				FRAMEWORK_SEARCH_PATHS = (
					"$(SDKROOT)/Developer/Library/Frameworks",
					"$(inherited)",
				);
				INFOPLIST_FILE = HoolayBlockTests/Info.plist;
				LD_RUNPATH_SEARCH_PATHS = "$(inherited) @executable_path/Frameworks @loader_path/Frameworks";
				PRODUCT_NAME = "$(TARGET_NAME)";
				TEST_HOST = "$(BUILT_PRODUCTS_DIR)/HoolayBlock.app/HoolayBlock";
			};
			name = Release;
		};
/* End XCBuildConfiguration section */

/* Begin XCConfigurationList section */
		9AE710A81B71B51600199A86 /* Build configuration list for PBXProject "HoolayBlock" */ = {
			isa = XCConfigurationList;
			buildConfigurations = (
				9AE710CE1B71B51600199A86 /* Debug */,
				9AE710CF1B71B51600199A86 /* Release */,
			);
			defaultConfigurationIsVisible = 0;
			defaultConfigurationName = Release;
		};
		9AE710D01B71B51600199A86 /* Build configuration list for PBXNativeTarget "HoolayBlock" */ = {
			isa = XCConfigurationList;
			buildConfigurations = (
				9AE710D11B71B51600199A86 /* Debug */,
				9AE710D21B71B51600199A86 /* Release */,
			);
			defaultConfigurationIsVisible = 0;
		};
		9AE710D31B71B51600199A86 /* Build configuration list for PBXNativeTarget "HoolayBlockTests" */ = {
			isa = XCConfigurationList;
			buildConfigurations = (
				9AE710D41B71B51600199A86 /* Debug */,
				9AE710D51B71B51600199A86 /* Release */,
			);
			defaultConfigurationIsVisible = 0;
		};
/* End XCConfigurationList section */
	};
	rootObject = 9AE710A51B71B51600199A86 /* Project object */;
}
